
Microsoft Visual Studio Solution File, Format Version 12.00
# Visual Studio Version 16
VisualStudioVersion = 16.0.32126.315
MinimumVisualStudioVersion = 10.0.40219.1
Project("{9A19103F-16F7-4668-BE54-9A1E7A4F7556}") = "Entities", "Entities\Entities.csproj", "{375CDCA9-2E34-4F60-8BE2-2C980EDB6E9E}"
EndProject
Project("{9A19103F-16F7-4668-BE54-9A1E7A4F7556}") = "DataAccess", "DataAccess\DataAccess.csproj", "{A3B01670-551F-45ED-B671-312CA5491E47}"
EndProject
Project("{9A19103F-16F7-4668-BE54-9A1E7A4F7556}") = "Business", "Business\Business.csproj", "{16ED516C-D6FC-48AF-833D-8B3DBB2C5484}"
EndProject
Project("{9A19103F-16F7-4668-BE54-9A1E7A4F7556}") = "ConsoleUI", "ConsoleUI\ConsoleUI.csproj", "{7A9529FE-CD94-487E-A008-687305859351}"
EndProject
Project("{FAE04EC0-301F-11D3-BF4B-00C04F79EFBC}") = "Core", "Core\Core.csproj", "{43259174-18DA-4FEB-95AB-2A4C88C42540}"
EndProject
Global
	GlobalSection(SolutionConfigurationPlatforms) = preSolution
		Debug|Any CPU = Debug|Any CPU
		Release|Any CPU = Release|Any CPU
	EndGlobalSection
	GlobalSection(ProjectConfigurationPlatforms) = postSolution
		{375CDCA9-2E34-4F60-8BE2-2C980EDB6E9E}.Debug|Any CPU.ActiveCfg = Debug|Any CPU
		{375CDCA9-2E34-4F60-8BE2-2C980EDB6E9E}.Debug|Any CPU.Build.0 = Debug|Any CPU
		{375CDCA9-2E34-4F60-8BE2-2C980EDB6E9E}.Release|Any CPU.ActiveCfg = Release|Any CPU
		{375CDCA9-2E34-4F60-8BE2-2C980EDB6E9E}.Release|Any CPU.Build.0 = Release|Any CPU
		{A3B01670-551F-45ED-B671-312CA5491E47}.Debug|Any CPU.ActiveCfg = Debug|Any CPU
		{A3B01670-551F-45ED-B671-312CA5491E47}.Debug|Any CPU.Build.0 = Debug|Any CPU
		{A3B01670-551F-45ED-B671-312CA5491E47}.Release|Any CPU.ActiveCfg = Release|Any CPU
		{A3B01670-551F-45ED-B671-312CA5491E47}.Release|Any CPU.Build.0 = Release|Any CPU
		{16ED516C-D6FC-48AF-833D-8B3DBB2C5484}.Debug|Any CPU.ActiveCfg = Debug|Any CPU
		{16ED516C-D6FC-48AF-833D-8B3DBB2C5484}.Debug|Any CPU.Build.0 = Debug|Any CPU
		{16ED516C-D6FC-48AF-833D-8B3DBB2C5484}.Release|Any CPU.ActiveCfg = Release|Any CPU
		{16ED516C-D6FC-48AF-833D-8B3DBB2C5484}.Release|Any CPU.Build.0 = Release|Any CPU
		{7A9529FE-CD94-487E-A008-687305859351}.Debug|Any CPU.ActiveCfg = Debug|Any CPU
		{7A9529FE-CD94-487E-A008-687305859351}.Debug|Any CPU.Build.0 = Debug|Any CPU
		{7A9529FE-CD94-487E-A008-687305859351}.Release|Any CPU.ActiveCfg = Release|Any CPU
		{7A9529FE-CD94-487E-A008-687305859351}.Release|Any CPU.Build.0 = Release|Any CPU
		{43259174-18DA-4FEB-95AB-2A4C88C42540}.Debug|Any CPU.ActiveCfg = Debug|Any CPU
		{43259174-18DA-4FEB-95AB-2A4C88C42540}.Debug|Any CPU.Build.0 = Debug|Any CPU
		{43259174-18DA-4FEB-95AB-2A4C88C42540}.Release|Any CPU.ActiveCfg = Release|Any CPU
		{43259174-18DA-4FEB-95AB-2A4C88C42540}.Release|Any CPU.Build.0 = Release|Any CPU
	EndGlobalSection
	GlobalSection(SolutionProperties) = preSolution
		HideSolutionNode = FALSE
	EndGlobalSection
	GlobalSection(ExtensibilityGlobals) = postSolution
		SolutionGuid = {3DF41E12-CDF6-467B-AF56-F679D9433EFD}
	EndGlobalSection
EndGlobal
